
Microsoft Visual Studio Solution File, Format Version 12.00
# Visual Studio Version 16
VisualStudioVersion = 16.0.31702.278
MinimumVisualStudioVersion = 10.0.40219.1
Project("{9A19103F-16F7-4668-BE54-9A1E7A4F7556}") = "BibliSharp", "BibliSharp\BibliSharp.csproj", "{A127B5C4-FBE8-46F5-A0ED-DCD7905FC6D1}"
EndProject
Project("{54435603-DBB4-11D2-8724-00A0C9A8B90C}") = "BibliSharpSetup", "BibliSharpSetup\BibliSharpSetup.vdproj", "{434D4A30-3E05-4C33-95E6-3B5BCDF26732}"
EndProject
Global
	GlobalSection(SolutionConfigurationPlatforms) = preSolution
		Debug|Any CPU = Debug|Any CPU
		Release|Any CPU = Release|Any CPU
	EndGlobalSection
	GlobalSection(ProjectConfigurationPlatforms) = postSolution
		{A127B5C4-FBE8-46F5-A0ED-DCD7905FC6D1}.Debug|Any CPU.ActiveCfg = Debug|Any CPU
		{A127B5C4-FBE8-46F5-A0ED-DCD7905FC6D1}.Debug|Any CPU.Build.0 = Debug|Any CPU
		{A127B5C4-FBE8-46F5-A0ED-DCD7905FC6D1}.Release|Any CPU.ActiveCfg = Release|Any CPU
		{A127B5C4-FBE8-46F5-A0ED-DCD7905FC6D1}.Release|Any CPU.Build.0 = Release|Any CPU
		{434D4A30-3E05-4C33-95E6-3B5BCDF26732}.Debug|Any CPU.ActiveCfg = Debug
		{434D4A30-3E05-4C33-95E6-3B5BCDF26732}.Release|Any CPU.ActiveCfg = Release
	EndGlobalSection
	GlobalSection(SolutionProperties) = preSolution
		HideSolutionNode = FALSE
	EndGlobalSection
	GlobalSection(ExtensibilityGlobals) = postSolution
		SolutionGuid = {00A00A63-D29F-486E-BEF2-7DBB4A7D39F4}
	EndGlobalSection
EndGlobal
